// !$*UTF8*$!
{
	archiveVersion = 1;
	classes = {
	};
	objectVersion = 56;
	objects = {

/* Begin PBXBuildFile section */
		AD4A40F0295C1EA3007D50BE /* libwgpu_in_app.a in Frameworks */ = {isa = PBXBuildFile; fileRef = AD4A40EF295C1EA3007D50BE /* libwgpu_in_app.a */; };
		AD4B1FED26EB1B90008A6AEE /* AppDelegate.swift in Sources */ = {isa = PBXBuildFile; fileRef = AD4B1FEC26EB1B90008A6AEE /* AppDelegate.swift */; };
		AD4B1FF126EB1B90008A6AEE /* ViewController.swift in Sources */ = {isa = PBXBuildFile; fileRef = AD4B1FF026EB1B90008A6AEE /* ViewController.swift */; };
		AD4B1FF426EB1B90008A6AEE /* Main.storyboard in Resources */ = {isa = PBXBuildFile; fileRef = AD4B1FF226EB1B90008A6AEE /* Main.storyboard */; };
		AD4B1FF626EB1B91008A6AEE /* Assets.xcassets in Resources */ = {isa = PBXBuildFile; fileRef = AD4B1FF526EB1B91008A6AEE /* Assets.xcassets */; };
		AD4B1FF926EB1B91008A6AEE /* LaunchScreen.storyboard in Resources */ = {isa = PBXBuildFile; fileRef = AD4B1FF726EB1B91008A6AEE /* LaunchScreen.storyboard */; };
		AD4B200126EB1D32008A6AEE /* MetalView.swift in Sources */ = {isa = PBXBuildFile; fileRef = AD4B200026EB1D31008A6AEE /* MetalView.swift */; };
		AD9EA281293B0CAF0079F1B4 /* libs in Resources */ = {isa = PBXBuildFile; fileRef = AD9EA280293B0CAF0079F1B4 /* libs */; };
/* End PBXBuildFile section */

/* Begin PBXFileReference section */
		AD20D48A2863001E00E2C98C /* wgpu_phone.entitlements */ = {isa = PBXFileReference; lastKnownFileType = text.plist.entitlements; path = wgpu_phone.entitlements; sourceTree = "<group>"; };
		AD37233828E17FAF001EF275 /* UIKit.framework */ = {isa = PBXFileReference; lastKnownFileType = wrapper.framework; name = UIKit.framework; path = Platforms/WatchOS.platform/Developer/SDKs/WatchOS9.0.sdk/System/Library/Frameworks/UIKit.framework; sourceTree = DEVELOPER_DIR; };
		AD4A40EF295C1EA3007D50BE /* libwgpu_in_app.a */ = {isa = PBXFileReference; lastKnownFileType = archive.ar; name = libwgpu_in_app.a; path = libs/debug/libwgpu_in_app.a; sourceTree = "<group>"; };
		AD4B1FE926EB1B90008A6AEE /* wgpu_phone.app */ = {isa = PBXFileReference; explicitFileType = wrapper.application; includeInIndex = 0; path = wgpu_phone.app; sourceTree = BUILT_PRODUCTS_DIR; };
		AD4B1FEC26EB1B90008A6AEE /* AppDelegate.swift */ = {isa = PBXFileReference; lastKnownFileType = sourcecode.swift; path = AppDelegate.swift; sourceTree = "<group>"; };
		AD4B1FF026EB1B90008A6AEE /* ViewController.swift */ = {isa = PBXFileReference; lastKnownFileType = sourcecode.swift; path = ViewController.swift; sourceTree = "<group>"; };
		AD4B1FF326EB1B90008A6AEE /* Base */ = {isa = PBXFileReference; lastKnownFileType = file.storyboard; name = Base; path = Base.lproj/Main.storyboard; sourceTree = "<group>"; };
		AD4B1FF526EB1B91008A6AEE /* Assets.xcassets */ = {isa = PBXFileReference; lastKnownFileType = folder.assetcatalog; path = Assets.xcassets; sourceTree = "<group>"; };
		AD4B1FF826EB1B91008A6AEE /* Base */ = {isa = PBXFileReference; lastKnownFileType = file.storyboard; name = Base; path = Base.lproj/LaunchScreen.storyboard; sourceTree = "<group>"; };
		AD4B1FFA26EB1B91008A6AEE /* Info.plist */ = {isa = PBXFileReference; lastKnownFileType = text.plist.xml; path = Info.plist; sourceTree = "<group>"; };
		AD4B200026EB1D31008A6AEE /* MetalView.swift */ = {isa = PBXFileReference; fileEncoding = 4; lastKnownFileType = sourcecode.swift; path = MetalView.swift; sourceTree = "<group>"; };
		AD9EA280293B0CAF0079F1B4 /* libs */ = {isa = PBXFileReference; lastKnownFileType = folder; path = libs; sourceTree = "<group>"; };
		ADA4699026EB27CB008B1C7B /* libwgpu_in_app.h */ = {isa = PBXFileReference; lastKnownFileType = sourcecode.c.h; path = libwgpu_in_app.h; sourceTree = "<group>"; };
		ADA4699226EB2F9A008B1C7B /* wgpu_in_app-Bridging-Header.h */ = {isa = PBXFileReference; lastKnownFileType = sourcecode.c.h; path = "wgpu_in_app-Bridging-Header.h"; sourceTree = "<group>"; };
/* End PBXFileReference section */

/* Begin PBXFrameworksBuildPhase section */
		AD4B1FE626EB1B90008A6AEE /* Frameworks */ = {
			isa = PBXFrameworksBuildPhase;
			buildActionMask = 2147483647;
			files = (
				AD4A40F0295C1EA3007D50BE /* libwgpu_in_app.a in Frameworks */,
			);
			runOnlyForDeploymentPostprocessing = 0;
		};
/* End PBXFrameworksBuildPhase section */

/* Begin PBXGroup section */
		AD0CB7E127A4061E0041811B /* base */ = {
			isa = PBXGroup;
			children = (
				AD4B1FF026EB1B90008A6AEE /* ViewController.swift */,
				ADA4699026EB27CB008B1C7B /* libwgpu_in_app.h */,
				AD4B200026EB1D31008A6AEE /* MetalView.swift */,
				ADA4699226EB2F9A008B1C7B /* wgpu_in_app-Bridging-Header.h */,
				AD4B1FEC26EB1B90008A6AEE /* AppDelegate.swift */,
				AD4B1FF226EB1B90008A6AEE /* Main.storyboard */,
				AD4B1FF526EB1B91008A6AEE /* Assets.xcassets */,
			);
			path = base;
			sourceTree = "<group>";
		};
		AD4B1FE026EB1B90008A6AEE = {
			isa = PBXGroup;
			children = (
				AD9EA280293B0CAF0079F1B4 /* libs */,
				AD0CB7E127A4061E0041811B /* base */,
				AD4B1FEB26EB1B90008A6AEE /* wgpu_phone */,
				AD4B1FEA26EB1B90008A6AEE /* Products */,
				ADA4699326EB3079008B1C7B /* Frameworks */,
			);
			sourceTree = "<group>";
		};
		AD4B1FEA26EB1B90008A6AEE /* Products */ = {
			isa = PBXGroup;
			children = (
				AD4B1FE926EB1B90008A6AEE /* wgpu_phone.app */,
			);
			name = Products;
			sourceTree = "<group>";
		};
		AD4B1FEB26EB1B90008A6AEE /* wgpu_phone */ = {
			isa = PBXGroup;
			children = (
				AD20D48A2863001E00E2C98C /* wgpu_phone.entitlements */,
				AD4B1FF726EB1B91008A6AEE /* LaunchScreen.storyboard */,
				AD4B1FFA26EB1B91008A6AEE /* Info.plist */,
			);
			path = wgpu_phone;
			sourceTree = "<group>";
		};
		ADA4699326EB3079008B1C7B /* Frameworks */ = {
			isa = PBXGroup;
			children = (
				AD37233828E17FAF001EF275 /* UIKit.framework */,
				AD4A40EF295C1EA3007D50BE /* libwgpu_in_app.a */,
			);
			name = Frameworks;
			sourceTree = "<group>";
		};
/* End PBXGroup section */

/* Begin PBXNativeTarget section */
		AD4B1FE826EB1B90008A6AEE /* wgpu_phone */ = {
			isa = PBXNativeTarget;
			buildConfigurationList = AD4B1FFD26EB1B91008A6AEE /* Build configuration list for PBXNativeTarget "wgpu_phone" */;
			buildPhases = (
				AD4B1FE526EB1B90008A6AEE /* Sources */,
				AD4B1FE626EB1B90008A6AEE /* Frameworks */,
				AD4B1FE726EB1B90008A6AEE /* Resources */,
			);
			buildRules = (
			);
			dependencies = (
			);
			name = wgpu_phone;
			productName = wgpu_test;
			productReference = AD4B1FE926EB1B90008A6AEE /* wgpu_phone.app */;
			productType = "com.apple.product-type.application";
		};
/* End PBXNativeTarget section */

/* Begin PBXProject section */
		AD4B1FE126EB1B90008A6AEE /* Project object */ = {
			isa = PBXProject;
			attributes = {
				LastSwiftUpdateCheck = 1500;
				LastUpgradeCheck = 1400;
				TargetAttributes = {
					AD4B1FE826EB1B90008A6AEE = {
						CreatedOnToolsVersion = 12.5.1;
					};
				};
			};
			buildConfigurationList = AD4B1FE426EB1B90008A6AEE /* Build configuration list for PBXProject "wgpu_in_App" */;
			compatibilityVersion = "Xcode 14.0";
			developmentRegion = en;
			hasScannedForEncodings = 0;
			knownRegions = (
				en,
				Base,
			);
			mainGroup = AD4B1FE026EB1B90008A6AEE;
			productRefGroup = AD4B1FEA26EB1B90008A6AEE /* Products */;
			projectDirPath = "";
			projectRoot = "";
			targets = (
				AD4B1FE826EB1B90008A6AEE /* wgpu_phone */,
			);
		};
/* End PBXProject section */

/* Begin PBXResourcesBuildPhase section */
		AD4B1FE726EB1B90008A6AEE /* Resources */ = {
			isa = PBXResourcesBuildPhase;
			buildActionMask = 2147483647;
			files = (
				AD4B1FF926EB1B91008A6AEE /* LaunchScreen.storyboard in Resources */,
				AD4B1FF626EB1B91008A6AEE /* Assets.xcassets in Resources */,
				AD9EA281293B0CAF0079F1B4 /* libs in Resources */,
				AD4B1FF426EB1B90008A6AEE /* Main.storyboard in Resources */,
			);
			runOnlyForDeploymentPostprocessing = 0;
		};
/* End PBXResourcesBuildPhase section */

/* Begin PBXSourcesBuildPhase section */
		AD4B1FE526EB1B90008A6AEE /* Sources */ = {
			isa = PBXSourcesBuildPhase;
			buildActionMask = 2147483647;
			files = (
				AD4B200126EB1D32008A6AEE /* MetalView.swift in Sources */,
				AD4B1FF126EB1B90008A6AEE /* ViewController.swift in Sources */,
				AD4B1FED26EB1B90008A6AEE /* AppDelegate.swift in Sources */,
			);
			runOnlyForDeploymentPostprocessing = 0;
		};
/* End PBXSourcesBuildPhase section */

/* Begin PBXVariantGroup section */
		AD4B1FF226EB1B90008A6AEE /* Main.storyboard */ = {
			isa = PBXVariantGroup;
			children = (
				AD4B1FF326EB1B90008A6AEE /* Base */,
			);
			name = Main.storyboard;
			sourceTree = "<group>";
		};
		AD4B1FF726EB1B91008A6AEE /* LaunchScreen.storyboard */ = {
			isa = PBXVariantGroup;
			children = (
				AD4B1FF826EB1B91008A6AEE /* Base */,
			);
			name = LaunchScreen.storyboard;
			sourceTree = "<group>";
		};
/* End PBXVariantGroup section */

/* Begin XCBuildConfiguration section */
		AD4B1FFB26EB1B91008A6AEE /* Debug */ = {
			isa = XCBuildConfiguration;
			buildSettings = {
				ALWAYS_SEARCH_USER_PATHS = NO;
				CLANG_ANALYZER_NONNULL = YES;
				CLANG_ANALYZER_NUMBER_OBJECT_CONVERSION = YES_AGGRESSIVE;
				CLANG_CXX_LANGUAGE_STANDARD = "gnu++14";
				CLANG_CXX_LIBRARY = "libc++";
				CLANG_ENABLE_MODULES = YES;
				CLANG_ENABLE_OBJC_ARC = YES;
				CLANG_ENABLE_OBJC_WEAK = YES;
				CLANG_WARN_BLOCK_CAPTURE_AUTORELEASING = YES;
				CLANG_WARN_BOOL_CONVERSION = YES;
				CLANG_WARN_COMMA = YES;
				CLANG_WARN_CONSTANT_CONVERSION = YES;
				CLANG_WARN_DEPRECATED_OBJC_IMPLEMENTATIONS = YES;
				CLANG_WARN_DIRECT_OBJC_ISA_USAGE = YES_ERROR;
				CLANG_WARN_DOCUMENTATION_COMMENTS = YES;
				CLANG_WARN_EMPTY_BODY = YES;
				CLANG_WARN_ENUM_CONVERSION = YES;
				CLANG_WARN_INFINITE_RECURSION = YES;
				CLANG_WARN_INT_CONVERSION = YES;
				CLANG_WARN_NON_LITERAL_NULL_CONVERSION = YES;
				CLANG_WARN_OBJC_IMPLICIT_RETAIN_SELF = YES;
				CLANG_WARN_OBJC_LITERAL_CONVERSION = YES;
				CLANG_WARN_OBJC_ROOT_CLASS = YES_ERROR;
				CLANG_WARN_QUOTED_INCLUDE_IN_FRAMEWORK_HEADER = YES;
				CLANG_WARN_RANGE_LOOP_ANALYSIS = YES;
				CLANG_WARN_STRICT_PROTOTYPES = YES;
				CLANG_WARN_SUSPICIOUS_MOVE = YES;
				CLANG_WARN_UNGUARDED_AVAILABILITY = YES_AGGRESSIVE;
				CLANG_WARN_UNREACHABLE_CODE = YES;
				CLANG_WARN__DUPLICATE_METHOD_MATCH = YES;
				COPY_PHASE_STRIP = NO;
				DEBUG_INFORMATION_FORMAT = dwarf;
				ENABLE_STRICT_OBJC_MSGSEND = YES;
				ENABLE_TESTABILITY = YES;
				GCC_C_LANGUAGE_STANDARD = gnu11;
				GCC_DYNAMIC_NO_PIC = NO;
				GCC_NO_COMMON_BLOCKS = YES;
				GCC_OPTIMIZATION_LEVEL = 0;
				GCC_PREPROCESSOR_DEFINITIONS = (
					"DEBUG=1",
					"$(inherited)",
				);
				GCC_WARN_64_TO_32_BIT_CONVERSION = YES;
				GCC_WARN_ABOUT_RETURN_TYPE = YES_ERROR;
				GCC_WARN_UNDECLARED_SELECTOR = YES;
				GCC_WARN_UNINITIALIZED_AUTOS = YES_AGGRESSIVE;
				GCC_WARN_UNUSED_FUNCTION = YES;
				GCC_WARN_UNUSED_VARIABLE = YES;
				IPHONEOS_DEPLOYMENT_TARGET = 13.0;
				MTL_ENABLE_DEBUG_INFO = INCLUDE_SOURCE;
				MTL_FAST_MATH = YES;
				ONLY_ACTIVE_ARCH = YES;
				SDKROOT = iphoneos;
				SWIFT_ACTIVE_COMPILATION_CONDITIONS = DEBUG;
				SWIFT_OPTIMIZATION_LEVEL = "-Onone";
			};
			name = Debug;
		};
		AD4B1FFC26EB1B91008A6AEE /* Release */ = {
			isa = XCBuildConfiguration;
			buildSettings = {
				ALWAYS_SEARCH_USER_PATHS = NO;
				CLANG_ANALYZER_NONNULL = YES;
				CLANG_ANALYZER_NUMBER_OBJECT_CONVERSION = YES_AGGRESSIVE;
				CLANG_CXX_LANGUAGE_STANDARD = "gnu++14";
				CLANG_CXX_LIBRARY = "libc++";
				CLANG_ENABLE_MODULES = YES;
				CLANG_ENABLE_OBJC_ARC = YES;
				CLANG_ENABLE_OBJC_WEAK = YES;
				CLANG_WARN_BLOCK_CAPTURE_AUTORELEASING = YES;
				CLANG_WARN_BOOL_CONVERSION = YES;
				CLANG_WARN_COMMA = YES;
				CLANG_WARN_CONSTANT_CONVERSION = YES;
				CLANG_WARN_DEPRECATED_OBJC_IMPLEMENTATIONS = YES;
				CLANG_WARN_DIRECT_OBJC_ISA_USAGE = YES_ERROR;
				CLANG_WARN_DOCUMENTATION_COMMENTS = YES;
				CLANG_WARN_EMPTY_BODY = YES;
				CLANG_WARN_ENUM_CONVERSION = YES;
				CLANG_WARN_INFINITE_RECURSION = YES;
				CLANG_WARN_INT_CONVERSION = YES;
				CLANG_WARN_NON_LITERAL_NULL_CONVERSION = YES;
				CLANG_WARN_OBJC_IMPLICIT_RETAIN_SELF = YES;
				CLANG_WARN_OBJC_LITERAL_CONVERSION = YES;
				CLANG_WARN_OBJC_ROOT_CLASS = YES_ERROR;
				CLANG_WARN_QUOTED_INCLUDE_IN_FRAMEWORK_HEADER = YES;
				CLANG_WARN_RANGE_LOOP_ANALYSIS = YES;
				CLANG_WARN_STRICT_PROTOTYPES = YES;
				CLANG_WARN_SUSPICIOUS_MOVE = YES;
				CLANG_WARN_UNGUARDED_AVAILABILITY = YES_AGGRESSIVE;
				CLANG_WARN_UNREACHABLE_CODE = YES;
				CLANG_WARN__DUPLICATE_METHOD_MATCH = YES;
				COPY_PHASE_STRIP = NO;
				DEBUG_INFORMATION_FORMAT = "dwarf-with-dsym";
				ENABLE_NS_ASSERTIONS = NO;
				ENABLE_STRICT_OBJC_MSGSEND = YES;
				GCC_C_LANGUAGE_STANDARD = gnu11;
				GCC_NO_COMMON_BLOCKS = YES;
				GCC_WARN_64_TO_32_BIT_CONVERSION = YES;
				GCC_WARN_ABOUT_RETURN_TYPE = YES_ERROR;
				GCC_WARN_UNDECLARED_SELECTOR = YES;
				GCC_WARN_UNINITIALIZED_AUTOS = YES_AGGRESSIVE;
				GCC_WARN_UNUSED_FUNCTION = YES;
				GCC_WARN_UNUSED_VARIABLE = YES;
				IPHONEOS_DEPLOYMENT_TARGET = 13.0;
				MTL_ENABLE_DEBUG_INFO = NO;
				MTL_FAST_MATH = YES;
				SDKROOT = iphoneos;
				SWIFT_COMPILATION_MODE = wholemodule;
				SWIFT_OPTIMIZATION_LEVEL = "-O";
				VALIDATE_PRODUCT = YES;
			};
			name = Release;
		};
		AD4B1FFE26EB1B91008A6AEE /* Debug */ = {
			isa = XCBuildConfiguration;
			buildSettings = {
				ASSETCATALOG_COMPILER_APPICON_NAME = AppIcon;
				ASSETCATALOG_COMPILER_GLOBAL_ACCENT_COLOR_NAME = AccentColor;
				CODE_SIGN_ENTITLEMENTS = wgpu_phone/wgpu_phone.entitlements;
				CODE_SIGN_STYLE = Automatic;
				CURRENT_PROJECT_VERSION = 1.0;
				DEVELOPMENT_TEAM = P3HQ9GDFCW;
				INFOPLIST_FILE = wgpu_phone/Info.plist;
				IPHONEOS_DEPLOYMENT_TARGET = 13;
				"IPHONEOS_DEPLOYMENT_TARGET[sdk=macosx*]" = 12;
				LD_RUNPATH_SEARCH_PATHS = (
					"$(inherited)",
					"@executable_path/Frameworks",
				);
				LIBRARY_SEARCH_PATHS = (
					"$(PROJECT_DIR)/libs/debug",
					"$(PROJECT_DIR)",
				);
				MACOSX_DEPLOYMENT_TARGET = 12.0;
				MARKETING_VERSION = 1.0;
				OTHER_LDFLAGS = "$(inherited)";
				PRODUCT_BUNDLE_IDENTIFIER = com.daylight.test.wgpu;
				PRODUCT_NAME = "$(TARGET_NAME)";
				SUPPORTED_PLATFORMS = "iphoneos iphonesimulator";
				SUPPORTS_MACCATALYST = NO;
				SUPPORTS_MAC_DESIGNED_FOR_IPHONE_IPAD = NO;
				SUPPORTS_XR_DESIGNED_FOR_IPHONE_IPAD = YES;
				SWIFT_OBJC_BRIDGING_HEADER = "base/wgpu_in_app-Bridging-Header.h";
				SWIFT_VERSION = 5.0;
				TARGETED_DEVICE_FAMILY = "1,2,6,7";
			};
			name = Debug;
		};
		AD4B1FFF26EB1B91008A6AEE /* Release */ = {
			isa = XCBuildConfiguration;
			buildSettings = {
				ASSETCATALOG_COMPILER_APPICON_NAME = AppIcon;
				ASSETCATALOG_COMPILER_GLOBAL_ACCENT_COLOR_NAME = AccentColor;
				CODE_SIGN_ENTITLEMENTS = wgpu_phone/wgpu_phone.entitlements;
				CODE_SIGN_STYLE = Automatic;
				CURRENT_PROJECT_VERSION = 1.0;
				DEVELOPMENT_TEAM = P3HQ9GDFCW;
				INFOPLIST_FILE = wgpu_phone/Info.plist;
				IPHONEOS_DEPLOYMENT_TARGET = 13;
				"IPHONEOS_DEPLOYMENT_TARGET[sdk=macosx*]" = 12;
				LD_RUNPATH_SEARCH_PATHS = (
					"$(inherited)",
					"@executable_path/Frameworks",
				);
				LIBRARY_SEARCH_PATHS = (
					"$(PROJECT_DIR)/libs/release",
					"$(PROJECT_DIR)",
					"$(PROJECT_DIR)/libs/debug",
				);
				MACOSX_DEPLOYMENT_TARGET = 12.0;
				MARKETING_VERSION = 1.0;
				OTHER_LDFLAGS = "$(inherited)";
				PRODUCT_BUNDLE_IDENTIFIER = com.daylight.test.wgpu;
				PRODUCT_NAME = "$(TARGET_NAME)";
				SUPPORTED_PLATFORMS = "iphoneos iphonesimulator";
				SUPPORTS_MACCATALYST = NO;
				SUPPORTS_MAC_DESIGNED_FOR_IPHONE_IPAD = NO;
				SUPPORTS_XR_DESIGNED_FOR_IPHONE_IPAD = YES;
				SWIFT_OBJC_BRIDGING_HEADER = "base/wgpu_in_app-Bridging-Header.h";
				SWIFT_VERSION = 5.0;
				TARGETED_DEVICE_FAMILY = "1,2,6,7";
			};
			name = Release;
		};
/* End XCBuildConfiguration section */

/* Begin XCConfigurationList section */
		AD4B1FE426EB1B90008A6AEE /* Build configuration list for PBXProject "wgpu_in_App" */ = {
			isa = XCConfigurationList;
			buildConfigurations = (
				AD4B1FFB26EB1B91008A6AEE /* Debug */,
				AD4B1FFC26EB1B91008A6AEE /* Release */,
			);
			defaultConfigurationIsVisible = 0;
			defaultConfigurationName = Release;
		};
		AD4B1FFD26EB1B91008A6AEE /* Build configuration list for PBXNativeTarget "wgpu_phone" */ = {
			isa = XCConfigurationList;
			buildConfigurations = (
				AD4B1FFE26EB1B91008A6AEE /* Debug */,
				AD4B1FFF26EB1B91008A6AEE /* Release */,
			);
			defaultConfigurationIsVisible = 0;
			defaultConfigurationName = Release;
		};
/* End XCConfigurationList section */
	};
	rootObject = AD4B1FE126EB1B90008A6AEE /* Project object */;
}
